// !$*UTF8*$!
{
	archiveVersion = 1;
	classes = {
	};
	objectVersion = 55;
	objects = {

/* Begin PBXBuildFile section */
		7B8FE6FB275F7F3D00D8E47C /* AsyncAwait_iOS13UITests.swift in Sources */ = {isa = PBXBuildFile; fileRef = 7B8FE6FA275F7F3D00D8E47C /* AsyncAwait_iOS13UITests.swift */; };
		7B8FE6FD275F7F3D00D8E47C /* AsyncAwait_iOS13UITestsLaunchTests.swift in Sources */ = {isa = PBXBuildFile; fileRef = 7B8FE6FC275F7F3D00D8E47C /* AsyncAwait_iOS13UITestsLaunchTests.swift */; };
		BF2F62122756AFB80025F8ED /* AppDelegate.swift in Sources */ = {isa = PBXBuildFile; fileRef = BF2F62112756AFB80025F8ED /* AppDelegate.swift */; };
		BF2F62142756AFB80025F8ED /* SceneDelegate.swift in Sources */ = {isa = PBXBuildFile; fileRef = BF2F62132756AFB80025F8ED /* SceneDelegate.swift */; };
		BF2F62162756AFB80025F8ED /* ViewController.swift in Sources */ = {isa = PBXBuildFile; fileRef = BF2F62152756AFB80025F8ED /* ViewController.swift */; };
		BF2F62192756AFB80025F8ED /* Main.storyboard in Resources */ = {isa = PBXBuildFile; fileRef = BF2F62172756AFB80025F8ED /* Main.storyboard */; };
		BF2F621B2756AFB90025F8ED /* Assets.xcassets in Resources */ = {isa = PBXBuildFile; fileRef = BF2F621A2756AFB90025F8ED /* Assets.xcassets */; };
		BF2F621E2756AFB90025F8ED /* LaunchScreen.storyboard in Resources */ = {isa = PBXBuildFile; fileRef = BF2F621C2756AFB90025F8ED /* LaunchScreen.storyboard */; };
		BF2F62262756AFE80025F8ED /* Model.swift in Sources */ = {isa = PBXBuildFile; fileRef = BF2F62252756AFE80025F8ED /* Model.swift */; };
		BF2F62282756B0020025F8ED /* CompletionAndCombine.swift in Sources */ = {isa = PBXBuildFile; fileRef = BF2F62272756B0020025F8ED /* CompletionAndCombine.swift */; };
		BF2F622A2756B0580025F8ED /* Network.swift in Sources */ = {isa = PBXBuildFile; fileRef = BF2F62292756B0580025F8ED /* Network.swift */; };
		BF2F622C2756B2BF0025F8ED /* ContentView.swift in Sources */ = {isa = PBXBuildFile; fileRef = BF2F622B2756B2BF0025F8ED /* ContentView.swift */; };
		BF2F622E2756B4460025F8ED /* PosterView.swift in Sources */ = {isa = PBXBuildFile; fileRef = BF2F622D2756B4460025F8ED /* PosterView.swift */; };
		BF2F62302756B6710025F8ED /* ActivityIndicator.swift in Sources */ = {isa = PBXBuildFile; fileRef = BF2F622F2756B6710025F8ED /* ActivityIndicator.swift */; };
		BF7D7D7427581BF100417BE3 /* Concurrency.swift in Sources */ = {isa = PBXBuildFile; fileRef = BF7D7D7327581BF100417BE3 /* Concurrency.swift */; };
		BF7D7D76275CC82800417BE3 /* ModelPartTwo.swift in Sources */ = {isa = PBXBuildFile; fileRef = BF7D7D75275CC82800417BE3 /* ModelPartTwo.swift */; };
		BF7D7D78275CC97200417BE3 /* DetailView.swift in Sources */ = {isa = PBXBuildFile; fileRef = BF7D7D77275CC97200417BE3 /* DetailView.swift */; };
/* End PBXBuildFile section */

/* Begin PBXContainerItemProxy section */
		7B8FE6FE275F7F3D00D8E47C /* PBXContainerItemProxy */ = {
			isa = PBXContainerItemProxy;
			containerPortal = BF2F62062756AFB80025F8ED /* Project object */;
			proxyType = 1;
			remoteGlobalIDString = BF2F620D2756AFB80025F8ED;
			remoteInfo = "AsyncAwait-iOS13";
		};
/* End PBXContainerItemProxy section */

/* Begin PBXFileReference section */
		7B8FE6F8275F7F3D00D8E47C /* AsyncAwait-iOS13UITests.xctest */ = {isa = PBXFileReference; explicitFileType = wrapper.cfbundle; includeInIndex = 0; path = "AsyncAwait-iOS13UITests.xctest"; sourceTree = BUILT_PRODUCTS_DIR; };
		7B8FE6FA275F7F3D00D8E47C /* AsyncAwait_iOS13UITests.swift */ = {isa = PBXFileReference; lastKnownFileType = sourcecode.swift; path = AsyncAwait_iOS13UITests.swift; sourceTree = "<group>"; };
		7B8FE6FC275F7F3D00D8E47C /* AsyncAwait_iOS13UITestsLaunchTests.swift */ = {isa = PBXFileReference; lastKnownFileType = sourcecode.swift; path = AsyncAwait_iOS13UITestsLaunchTests.swift; sourceTree = "<group>"; };
		BF2F620E2756AFB80025F8ED /* AsyncAwait-iOS13.app */ = {isa = PBXFileReference; explicitFileType = wrapper.application; includeInIndex = 0; path = "AsyncAwait-iOS13.app"; sourceTree = BUILT_PRODUCTS_DIR; };
		BF2F62112756AFB80025F8ED /* AppDelegate.swift */ = {isa = PBXFileReference; lastKnownFileType = sourcecode.swift; path = AppDelegate.swift; sourceTree = "<group>"; };
		BF2F62132756AFB80025F8ED /* SceneDelegate.swift */ = {isa = PBXFileReference; lastKnownFileType = sourcecode.swift; path = SceneDelegate.swift; sourceTree = "<group>"; };
		BF2F62152756AFB80025F8ED /* ViewController.swift */ = {isa = PBXFileReference; lastKnownFileType = sourcecode.swift; path = ViewController.swift; sourceTree = "<group>"; };
		BF2F62182756AFB80025F8ED /* Base */ = {isa = PBXFileReference; lastKnownFileType = file.storyboard; name = Base; path = Base.lproj/Main.storyboard; sourceTree = "<group>"; };
		BF2F621A2756AFB90025F8ED /* Assets.xcassets */ = {isa = PBXFileReference; lastKnownFileType = folder.assetcatalog; path = Assets.xcassets; sourceTree = "<group>"; };
		BF2F621D2756AFB90025F8ED /* Base */ = {isa = PBXFileReference; lastKnownFileType = file.storyboard; name = Base; path = Base.lproj/LaunchScreen.storyboard; sourceTree = "<group>"; };
		BF2F621F2756AFB90025F8ED /* Info.plist */ = {isa = PBXFileReference; lastKnownFileType = text.plist.xml; path = Info.plist; sourceTree = "<group>"; };
		BF2F62252756AFE80025F8ED /* Model.swift */ = {isa = PBXFileReference; lastKnownFileType = sourcecode.swift; path = Model.swift; sourceTree = "<group>"; };
		BF2F62272756B0020025F8ED /* CompletionAndCombine.swift */ = {isa = PBXFileReference; lastKnownFileType = sourcecode.swift; path = CompletionAndCombine.swift; sourceTree = "<group>"; };
		BF2F62292756B0580025F8ED /* Network.swift */ = {isa = PBXFileReference; lastKnownFileType = sourcecode.swift; path = Network.swift; sourceTree = "<group>"; };
		BF2F622B2756B2BF0025F8ED /* ContentView.swift */ = {isa = PBXFileReference; lastKnownFileType = sourcecode.swift; path = ContentView.swift; sourceTree = "<group>"; };
		BF2F622D2756B4460025F8ED /* PosterView.swift */ = {isa = PBXFileReference; lastKnownFileType = sourcecode.swift; path = PosterView.swift; sourceTree = "<group>"; };
		BF2F622F2756B6710025F8ED /* ActivityIndicator.swift */ = {isa = PBXFileReference; lastKnownFileType = sourcecode.swift; path = ActivityIndicator.swift; sourceTree = "<group>"; };
		BF7D7D7327581BF100417BE3 /* Concurrency.swift */ = {isa = PBXFileReference; lastKnownFileType = sourcecode.swift; path = Concurrency.swift; sourceTree = "<group>"; };
		BF7D7D75275CC82800417BE3 /* ModelPartTwo.swift */ = {isa = PBXFileReference; lastKnownFileType = sourcecode.swift; path = ModelPartTwo.swift; sourceTree = "<group>"; };
		BF7D7D77275CC97200417BE3 /* DetailView.swift */ = {isa = PBXFileReference; lastKnownFileType = sourcecode.swift; path = DetailView.swift; sourceTree = "<group>"; };
/* End PBXFileReference section */

/* Begin PBXFrameworksBuildPhase section */
		7B8FE6F5275F7F3D00D8E47C /* Frameworks */ = {
			isa = PBXFrameworksBuildPhase;
			buildActionMask = 2147483647;
			files = (
			);
			runOnlyForDeploymentPostprocessing = 0;
		};
		BF2F620B2756AFB80025F8ED /* Frameworks */ = {
			isa = PBXFrameworksBuildPhase;
			buildActionMask = 2147483647;
			files = (
			);
			runOnlyForDeploymentPostprocessing = 0;
		};
/* End PBXFrameworksBuildPhase section */

/* Begin PBXGroup section */
		7B8FE6F9275F7F3D00D8E47C /* AsyncAwait-iOS13UITests */ = {
			isa = PBXGroup;
			children = (
				7B8FE6FA275F7F3D00D8E47C /* AsyncAwait_iOS13UITests.swift */,
				7B8FE6FC275F7F3D00D8E47C /* AsyncAwait_iOS13UITestsLaunchTests.swift */,
			);
			path = "AsyncAwait-iOS13UITests";
			sourceTree = "<group>";
		};
		BF2F62052756AFB80025F8ED = {
			isa = PBXGroup;
			children = (
				BF2F62102756AFB80025F8ED /* AsyncAwait-iOS13 */,
				7B8FE6F9275F7F3D00D8E47C /* AsyncAwait-iOS13UITests */,
				BF2F620F2756AFB80025F8ED /* Products */,
			);
			sourceTree = "<group>";
		};
		BF2F620F2756AFB80025F8ED /* Products */ = {
			isa = PBXGroup;
			children = (
				BF2F620E2756AFB80025F8ED /* AsyncAwait-iOS13.app */,
				7B8FE6F8275F7F3D00D8E47C /* AsyncAwait-iOS13UITests.xctest */,
			);
			name = Products;
			sourceTree = "<group>";
		};
		BF2F62102756AFB80025F8ED /* AsyncAwait-iOS13 */ = {
			isa = PBXGroup;
			children = (
				BF2F62112756AFB80025F8ED /* AppDelegate.swift */,
				BF2F62132756AFB80025F8ED /* SceneDelegate.swift */,
				BF2F62252756AFE80025F8ED /* Model.swift */,
				BF7D7D75275CC82800417BE3 /* ModelPartTwo.swift */,
				BF2F62272756B0020025F8ED /* CompletionAndCombine.swift */,
				BF2F62292756B0580025F8ED /* Network.swift */,
				BF2F62152756AFB80025F8ED /* ViewController.swift */,
				BF2F622B2756B2BF0025F8ED /* ContentView.swift */,
				BF2F622D2756B4460025F8ED /* PosterView.swift */,
				BF7D7D77275CC97200417BE3 /* DetailView.swift */,
				BF2F622F2756B6710025F8ED /* ActivityIndicator.swift */,
				BF7D7D7327581BF100417BE3 /* Concurrency.swift */,
				BF2F62172756AFB80025F8ED /* Main.storyboard */,
				BF2F621A2756AFB90025F8ED /* Assets.xcassets */,
				BF2F621C2756AFB90025F8ED /* LaunchScreen.storyboard */,
				BF2F621F2756AFB90025F8ED /* Info.plist */,
			);
			path = "AsyncAwait-iOS13";
			sourceTree = "<group>";
		};
/* End PBXGroup section */

/* Begin PBXNativeTarget section */
		7B8FE6F7275F7F3D00D8E47C /* AsyncAwait-iOS13UITests */ = {
			isa = PBXNativeTarget;
			buildConfigurationList = 7B8FE702275F7F3D00D8E47C /* Build configuration list for PBXNativeTarget "AsyncAwait-iOS13UITests" */;
			buildPhases = (
				7B8FE6F4275F7F3D00D8E47C /* Sources */,
				7B8FE6F5275F7F3D00D8E47C /* Frameworks */,
				7B8FE6F6275F7F3D00D8E47C /* Resources */,
			);
			buildRules = (
			);
			dependencies = (
				7B8FE6FF275F7F3D00D8E47C /* PBXTargetDependency */,
			);
			name = "AsyncAwait-iOS13UITests";
			productName = "AsyncAwait-iOS13UITests";
			productReference = 7B8FE6F8275F7F3D00D8E47C /* AsyncAwait-iOS13UITests.xctest */;
			productType = "com.apple.product-type.bundle.ui-testing";
		};
		BF2F620D2756AFB80025F8ED /* AsyncAwait-iOS13 */ = {
			isa = PBXNativeTarget;
			buildConfigurationList = BF2F62222756AFB90025F8ED /* Build configuration list for PBXNativeTarget "AsyncAwait-iOS13" */;
			buildPhases = (
				BF2F620A2756AFB80025F8ED /* Sources */,
				BF2F620B2756AFB80025F8ED /* Frameworks */,
				BF2F620C2756AFB80025F8ED /* Resources */,
			);
			buildRules = (
			);
			dependencies = (
			);
			name = "AsyncAwait-iOS13";
			productName = "AsyncAwait-iOS13";
			productReference = BF2F620E2756AFB80025F8ED /* AsyncAwait-iOS13.app */;
			productType = "com.apple.product-type.application";
		};
/* End PBXNativeTarget section */

/* Begin PBXProject section */
		BF2F62062756AFB80025F8ED /* Project object */ = {
			isa = PBXProject;
			attributes = {
				BuildIndependentTargetsInParallel = 1;
				LastSwiftUpdateCheck = 1320;
				LastUpgradeCheck = 1320;
				TargetAttributes = {
					7B8FE6F7275F7F3D00D8E47C = {
						CreatedOnToolsVersion = 13.2;
						TestTargetID = BF2F620D2756AFB80025F8ED;
					};
					BF2F620D2756AFB80025F8ED = {
						CreatedOnToolsVersion = 13.2;
					};
				};
			};
			buildConfigurationList = BF2F62092756AFB80025F8ED /* Build configuration list for PBXProject "AsyncAwait-iOS13" */;
			compatibilityVersion = "Xcode 13.0";
			developmentRegion = en;
			hasScannedForEncodings = 0;
			knownRegions = (
				en,
				Base,
			);
			mainGroup = BF2F62052756AFB80025F8ED;
			productRefGroup = BF2F620F2756AFB80025F8ED /* Products */;
			projectDirPath = "";
			projectRoot = "";
			targets = (
				BF2F620D2756AFB80025F8ED /* AsyncAwait-iOS13 */,
				7B8FE6F7275F7F3D00D8E47C /* AsyncAwait-iOS13UITests */,
			);
		};
/* End PBXProject section */

/* Begin PBXResourcesBuildPhase section */
		7B8FE6F6275F7F3D00D8E47C /* Resources */ = {
			isa = PBXResourcesBuildPhase;
			buildActionMask = 2147483647;
			files = (
			);
			runOnlyForDeploymentPostprocessing = 0;
		};
		BF2F620C2756AFB80025F8ED /* Resources */ = {
			isa = PBXResourcesBuildPhase;
			buildActionMask = 2147483647;
			files = (
				BF2F621E2756AFB90025F8ED /* LaunchScreen.storyboard in Resources */,
				BF2F621B2756AFB90025F8ED /* Assets.xcassets in Resources */,
				BF2F62192756AFB80025F8ED /* Main.storyboard in Resources */,
			);
			runOnlyForDeploymentPostprocessing = 0;
		};
/* End PBXResourcesBuildPhase section */

/* Begin PBXSourcesBuildPhase section */
		7B8FE6F4275F7F3D00D8E47C /* Sources */ = {
			isa = PBXSourcesBuildPhase;
			buildActionMask = 2147483647;
			files = (
				7B8FE6FD275F7F3D00D8E47C /* AsyncAwait_iOS13UITestsLaunchTests.swift in Sources */,
				7B8FE6FB275F7F3D00D8E47C /* AsyncAwait_iOS13UITests.swift in Sources */,
			);
			runOnlyForDeploymentPostprocessing = 0;
		};
		BF2F620A2756AFB80025F8ED /* Sources */ = {
			isa = PBXSourcesBuildPhase;
			buildActionMask = 2147483647;
			files = (
				BF2F62282756B0020025F8ED /* CompletionAndCombine.swift in Sources */,
				BF7D7D78275CC97200417BE3 /* DetailView.swift in Sources */,
				BF2F62162756AFB80025F8ED /* ViewController.swift in Sources */,
				BF2F622C2756B2BF0025F8ED /* ContentView.swift in Sources */,
				BF2F622A2756B0580025F8ED /* Network.swift in Sources */,
				BF7D7D76275CC82800417BE3 /* ModelPartTwo.swift in Sources */,
				BF2F622E2756B4460025F8ED /* PosterView.swift in Sources */,
				BF2F62122756AFB80025F8ED /* AppDelegate.swift in Sources */,
				BF2F62142756AFB80025F8ED /* SceneDelegate.swift in Sources */,
				BF7D7D7427581BF100417BE3 /* Concurrency.swift in Sources */,
				BF2F62302756B6710025F8ED /* ActivityIndicator.swift in Sources */,
				BF2F62262756AFE80025F8ED /* Model.swift in Sources */,
			);
			runOnlyForDeploymentPostprocessing = 0;
		};
/* End PBXSourcesBuildPhase section */

/* Begin PBXTargetDependency section */
		7B8FE6FF275F7F3D00D8E47C /* PBXTargetDependency */ = {
			isa = PBXTargetDependency;
			target = BF2F620D2756AFB80025F8ED /* AsyncAwait-iOS13 */;
			targetProxy = 7B8FE6FE275F7F3D00D8E47C /* PBXContainerItemProxy */;
		};
/* End PBXTargetDependency section */

/* Begin PBXVariantGroup section */
		BF2F62172756AFB80025F8ED /* Main.storyboard */ = {
			isa = PBXVariantGroup;
			children = (
				BF2F62182756AFB80025F8ED /* Base */,
			);
			name = Main.storyboard;
			sourceTree = "<group>";
		};
		BF2F621C2756AFB90025F8ED /* LaunchScreen.storyboard */ = {
			isa = PBXVariantGroup;
			children = (
				BF2F621D2756AFB90025F8ED /* Base */,
			);
			name = LaunchScreen.storyboard;
			sourceTree = "<group>";
		};
/* End PBXVariantGroup section */

/* Begin XCBuildConfiguration section */
		7B8FE700275F7F3D00D8E47C /* Debug */ = {
			isa = XCBuildConfiguration;
			buildSettings = {
				CODE_SIGN_STYLE = Automatic;
				CURRENT_PROJECT_VERSION = 1;
				GENERATE_INFOPLIST_FILE = YES;
				IPHONEOS_DEPLOYMENT_TARGET = 15.2;
				MARKETING_VERSION = 1.0;
				PRODUCT_BUNDLE_IDENTIFIER = "com.vincentpradeilles.AsyncAwait-iOS13.AsyncAwait-iOS13UITests";
				PRODUCT_NAME = "$(TARGET_NAME)";
				SWIFT_EMIT_LOC_STRINGS = NO;
				SWIFT_VERSION = 5.0;
				TARGETED_DEVICE_FAMILY = "1,2";
				TEST_TARGET_NAME = "AsyncAwait-iOS13";
			};
			name = Debug;
		};
		7B8FE701275F7F3D00D8E47C /* Release */ = {
			isa = XCBuildConfiguration;
			buildSettings = {
				CODE_SIGN_STYLE = Automatic;
				CURRENT_PROJECT_VERSION = 1;
				GENERATE_INFOPLIST_FILE = YES;
				IPHONEOS_DEPLOYMENT_TARGET = 15.2;
				MARKETING_VERSION = 1.0;
				PRODUCT_BUNDLE_IDENTIFIER = "com.vincentpradeilles.AsyncAwait-iOS13.AsyncAwait-iOS13UITests";
				PRODUCT_NAME = "$(TARGET_NAME)";
				SWIFT_EMIT_LOC_STRINGS = NO;
				SWIFT_VERSION = 5.0;
				TARGETED_DEVICE_FAMILY = "1,2";
				TEST_TARGET_NAME = "AsyncAwait-iOS13";
			};
			name = Release;
		};
		BF2F62202756AFB90025F8ED /* Debug */ = {
			isa = XCBuildConfiguration;
			buildSettings = {
				ALWAYS_SEARCH_USER_PATHS = NO;
				CLANG_ANALYZER_NONNULL = YES;
				CLANG_ANALYZER_NUMBER_OBJECT_CONVERSION = YES_AGGRESSIVE;
				CLANG_CXX_LANGUAGE_STANDARD = "gnu++17";
				CLANG_CXX_LIBRARY = "libc++";
				CLANG_ENABLE_MODULES = YES;
				CLANG_ENABLE_OBJC_ARC = YES;
				CLANG_ENABLE_OBJC_WEAK = YES;
				CLANG_WARN_BLOCK_CAPTURE_AUTORELEASING = YES;
				CLANG_WARN_BOOL_CONVERSION = YES;
				CLANG_WARN_COMMA = YES;
				CLANG_WARN_CONSTANT_CONVERSION = YES;
				CLANG_WARN_DEPRECATED_OBJC_IMPLEMENTATIONS = YES;
				CLANG_WARN_DIRECT_OBJC_ISA_USAGE = YES_ERROR;
				CLANG_WARN_DOCUMENTATION_COMMENTS = YES;
				CLANG_WARN_EMPTY_BODY = YES;
				CLANG_WARN_ENUM_CONVERSION = YES;
				CLANG_WARN_INFINITE_RECURSION = YES;
				CLANG_WARN_INT_CONVERSION = YES;
				CLANG_WARN_NON_LITERAL_NULL_CONVERSION = YES;
				CLANG_WARN_OBJC_IMPLICIT_RETAIN_SELF = YES;
				CLANG_WARN_OBJC_LITERAL_CONVERSION = YES;
				CLANG_WARN_OBJC_ROOT_CLASS = YES_ERROR;
				CLANG_WARN_QUOTED_INCLUDE_IN_FRAMEWORK_HEADER = YES;
				CLANG_WARN_RANGE_LOOP_ANALYSIS = YES;
				CLANG_WARN_STRICT_PROTOTYPES = YES;
				CLANG_WARN_SUSPICIOUS_MOVE = YES;
				CLANG_WARN_UNGUARDED_AVAILABILITY = YES_AGGRESSIVE;
				CLANG_WARN_UNREACHABLE_CODE = YES;
				CLANG_WARN__DUPLICATE_METHOD_MATCH = YES;
				COPY_PHASE_STRIP = NO;
				DEBUG_INFORMATION_FORMAT = dwarf;
				ENABLE_STRICT_OBJC_MSGSEND = YES;
				ENABLE_TESTABILITY = YES;
				GCC_C_LANGUAGE_STANDARD = gnu11;
				GCC_DYNAMIC_NO_PIC = NO;
				GCC_NO_COMMON_BLOCKS = YES;
				GCC_OPTIMIZATION_LEVEL = 0;
				GCC_PREPROCESSOR_DEFINITIONS = (
					"DEBUG=1",
					"$(inherited)",
				);
				GCC_WARN_64_TO_32_BIT_CONVERSION = YES;
				GCC_WARN_ABOUT_RETURN_TYPE = YES_ERROR;
				GCC_WARN_UNDECLARED_SELECTOR = YES;
				GCC_WARN_UNINITIALIZED_AUTOS = YES_AGGRESSIVE;
				GCC_WARN_UNUSED_FUNCTION = YES;
				GCC_WARN_UNUSED_VARIABLE = YES;
				IPHONEOS_DEPLOYMENT_TARGET = 13.0;
				MTL_ENABLE_DEBUG_INFO = INCLUDE_SOURCE;
				MTL_FAST_MATH = YES;
				ONLY_ACTIVE_ARCH = YES;
				SDKROOT = iphoneos;
				SWIFT_ACTIVE_COMPILATION_CONDITIONS = DEBUG;
				SWIFT_OPTIMIZATION_LEVEL = "-Onone";
			};
			name = Debug;
		};
		BF2F62212756AFB90025F8ED /* Release */ = {
			isa = XCBuildConfiguration;
			buildSettings = {
				ALWAYS_SEARCH_USER_PATHS = NO;
				CLANG_ANALYZER_NONNULL = YES;
				CLANG_ANALYZER_NUMBER_OBJECT_CONVERSION = YES_AGGRESSIVE;
				CLANG_CXX_LANGUAGE_STANDARD = "gnu++17";
				CLANG_CXX_LIBRARY = "libc++";
				CLANG_ENABLE_MODULES = YES;
				CLANG_ENABLE_OBJC_ARC = YES;
				CLANG_ENABLE_OBJC_WEAK = YES;
				CLANG_WARN_BLOCK_CAPTURE_AUTORELEASING = YES;
				CLANG_WARN_BOOL_CONVERSION = YES;
				CLANG_WARN_COMMA = YES;
				CLANG_WARN_CONSTANT_CONVERSION = YES;
				CLANG_WARN_DEPRECATED_OBJC_IMPLEMENTATIONS = YES;
				CLANG_WARN_DIRECT_OBJC_ISA_USAGE = YES_ERROR;
				CLANG_WARN_DOCUMENTATION_COMMENTS = YES;
				CLANG_WARN_EMPTY_BODY = YES;
				CLANG_WARN_ENUM_CONVERSION = YES;
				CLANG_WARN_INFINITE_RECURSION = YES;
				CLANG_WARN_INT_CONVERSION = YES;
				CLANG_WARN_NON_LITERAL_NULL_CONVERSION = YES;
				CLANG_WARN_OBJC_IMPLICIT_RETAIN_SELF = YES;
				CLANG_WARN_OBJC_LITERAL_CONVERSION = YES;
				CLANG_WARN_OBJC_ROOT_CLASS = YES_ERROR;
				CLANG_WARN_QUOTED_INCLUDE_IN_FRAMEWORK_HEADER = YES;
				CLANG_WARN_RANGE_LOOP_ANALYSIS = YES;
				CLANG_WARN_STRICT_PROTOTYPES = YES;
				CLANG_WARN_SUSPICIOUS_MOVE = YES;
				CLANG_WARN_UNGUARDED_AVAILABILITY = YES_AGGRESSIVE;
				CLANG_WARN_UNREACHABLE_CODE = YES;
				CLANG_WARN__DUPLICATE_METHOD_MATCH = YES;
				COPY_PHASE_STRIP = NO;
				DEBUG_INFORMATION_FORMAT = "dwarf-with-dsym";
				ENABLE_NS_ASSERTIONS = NO;
				ENABLE_STRICT_OBJC_MSGSEND = YES;
				GCC_C_LANGUAGE_STANDARD = gnu11;
				GCC_NO_COMMON_BLOCKS = YES;
				GCC_WARN_64_TO_32_BIT_CONVERSION = YES;
				GCC_WARN_ABOUT_RETURN_TYPE = YES_ERROR;
				GCC_WARN_UNDECLARED_SELECTOR = YES;
				GCC_WARN_UNINITIALIZED_AUTOS = YES_AGGRESSIVE;
				GCC_WARN_UNUSED_FUNCTION = YES;
				GCC_WARN_UNUSED_VARIABLE = YES;
				IPHONEOS_DEPLOYMENT_TARGET = 13.0;
				MTL_ENABLE_DEBUG_INFO = NO;
				MTL_FAST_MATH = YES;
				SDKROOT = iphoneos;
				SWIFT_COMPILATION_MODE = wholemodule;
				SWIFT_OPTIMIZATION_LEVEL = "-O";
				VALIDATE_PRODUCT = YES;
			};
			name = Release;
		};
		BF2F62232756AFB90025F8ED /* Debug */ = {
			isa = XCBuildConfiguration;
			buildSettings = {
				ASSETCATALOG_COMPILER_APPICON_NAME = AppIcon;
				ASSETCATALOG_COMPILER_GLOBAL_ACCENT_COLOR_NAME = AccentColor;
				CODE_SIGN_STYLE = Automatic;
				CURRENT_PROJECT_VERSION = 1;
				GENERATE_INFOPLIST_FILE = YES;
				INFOPLIST_FILE = "AsyncAwait-iOS13/Info.plist";
				INFOPLIST_KEY_UIApplicationSupportsIndirectInputEvents = YES;
				INFOPLIST_KEY_UILaunchStoryboardName = LaunchScreen;
				INFOPLIST_KEY_UIMainStoryboardFile = Main;
				INFOPLIST_KEY_UISupportedInterfaceOrientations_iPad = "UIInterfaceOrientationPortrait UIInterfaceOrientationPortraitUpsideDown UIInterfaceOrientationLandscapeLeft UIInterfaceOrientationLandscapeRight";
				INFOPLIST_KEY_UISupportedInterfaceOrientations_iPhone = "UIInterfaceOrientationPortrait UIInterfaceOrientationLandscapeLeft UIInterfaceOrientationLandscapeRight";
				IPHONEOS_DEPLOYMENT_TARGET = 13.0;
				LD_RUNPATH_SEARCH_PATHS = (
					"$(inherited)",
					"@executable_path/Frameworks",
				);
				MARKETING_VERSION = 1.0;
				PRODUCT_BUNDLE_IDENTIFIER = "com.vincentpradeilles.AsyncAwait-iOS13";
				PRODUCT_NAME = "$(TARGET_NAME)";
				SWIFT_EMIT_LOC_STRINGS = YES;
				SWIFT_VERSION = 5.0;
				TARGETED_DEVICE_FAMILY = "1,2";
			};
			name = Debug;
		};
		BF2F62242756AFB90025F8ED /* Release */ = {
			isa = XCBuildConfiguration;
			buildSettings = {
				ASSETCATALOG_COMPILER_APPICON_NAME = AppIcon;
				ASSETCATALOG_COMPILER_GLOBAL_ACCENT_COLOR_NAME = AccentColor;
				CODE_SIGN_STYLE = Automatic;
				CURRENT_PROJECT_VERSION = 1;
				GENERATE_INFOPLIST_FILE = YES;
				INFOPLIST_FILE = "AsyncAwait-iOS13/Info.plist";
				INFOPLIST_KEY_UIApplicationSupportsIndirectInputEvents = YES;
				INFOPLIST_KEY_UILaunchStoryboardName = LaunchScreen;
				INFOPLIST_KEY_UIMainStoryboardFile = Main;
				INFOPLIST_KEY_UISupportedInterfaceOrientations_iPad = "UIInterfaceOrientationPortrait UIInterfaceOrientationPortraitUpsideDown UIInterfaceOrientationLandscapeLeft UIInterfaceOrientationLandscapeRight";
				INFOPLIST_KEY_UISupportedInterfaceOrientations_iPhone = "UIInterfaceOrientationPortrait UIInterfaceOrientationLandscapeLeft UIInterfaceOrientationLandscapeRight";
				IPHONEOS_DEPLOYMENT_TARGET = 13.0;
				LD_RUNPATH_SEARCH_PATHS = (
					"$(inherited)",
					"@executable_path/Frameworks",
				);
				MARKETING_VERSION = 1.0;
				PRODUCT_BUNDLE_IDENTIFIER = "com.vincentpradeilles.AsyncAwait-iOS13";
				PRODUCT_NAME = "$(TARGET_NAME)";
				SWIFT_EMIT_LOC_STRINGS = YES;
				SWIFT_VERSION = 5.0;
				TARGETED_DEVICE_FAMILY = "1,2";
			};
			name = Release;
		};
/* End XCBuildConfiguration section */

/* Begin XCConfigurationList section */
		7B8FE702275F7F3D00D8E47C /* Build configuration list for PBXNativeTarget "AsyncAwait-iOS13UITests" */ = {
			isa = XCConfigurationList;
			buildConfigurations = (
				7B8FE700275F7F3D00D8E47C /* Debug */,
				7B8FE701275F7F3D00D8E47C /* Release */,
			);
			defaultConfigurationIsVisible = 0;
			defaultConfigurationName = Release;
		};
		BF2F62092756AFB80025F8ED /* Build configuration list for PBXProject "AsyncAwait-iOS13" */ = {
			isa = XCConfigurationList;
			buildConfigurations = (
				BF2F62202756AFB90025F8ED /* Debug */,
				BF2F62212756AFB90025F8ED /* Release */,
			);
			defaultConfigurationIsVisible = 0;
			defaultConfigurationName = Release;
		};
		BF2F62222756AFB90025F8ED /* Build configuration list for PBXNativeTarget "AsyncAwait-iOS13" */ = {
			isa = XCConfigurationList;
			buildConfigurations = (
				BF2F62232756AFB90025F8ED /* Debug */,
				BF2F62242756AFB90025F8ED /* Release */,
			);
			defaultConfigurationIsVisible = 0;
			defaultConfigurationName = Release;
		};
/* End XCConfigurationList section */
	};
	rootObject = BF2F62062756AFB80025F8ED /* Project object */;
}
